
Microsoft Visual Studio Solution File, Format Version 12.00
# Visual Studio 14
VisualStudioVersion = 14.0.25420.1
MinimumVisualStudioVersion = 10.0.40219.1
Project("{D954291E-2A0B-460D-934E-DC6B0785DB48}") = "Smart.Reactive", "Smart.Reactive\Smart.Reactive.shproj", "{090DEED2-B548-46E5-A5E9-858FAB4CE4E5}"
EndProject
Project("{2150E333-8FDC-42A3-9474-1A3956D46DE8}") = "Solution Items", "Solution Items", "{0E88E0A3-EF9F-4069-B373-0FC6333C26BF}"
	ProjectSection(SolutionItems) = preProject
		.gitattributes = .gitattributes
		.gitignore = .gitignore
		README.md = README.md
		Smart.Reactive.ruleset = Smart.Reactive.ruleset
		Smart.Reactive.sln.DotSettings = Smart.Reactive.sln.DotSettings
	EndProjectSection
EndProject
Project("{FAE04EC0-301F-11D3-BF4B-00C04F79EFBC}") = "Smart.Reactive.PCL", "Smart.Reactive.PCL\Smart.Reactive.PCL.csproj", "{03F3025B-925A-4F27-92C2-972549D52B60}"
EndProject
Project("{FAE04EC0-301F-11D3-BF4B-00C04F79EFBC}") = "Smart.Reactive.Net4", "Smart.Reactive.Net4\Smart.Reactive.Net4.csproj", "{93F7B6D5-16D0-4396-A57B-6498387E0DC3}"
EndProject
Global
	GlobalSection(SharedMSBuildProjectFiles) = preSolution
		Smart.Reactive\Smart.Reactive.projitems*{03f3025b-925a-4f27-92c2-972549d52b60}*SharedItemsImports = 4
		Smart.Reactive\Smart.Reactive.projitems*{090deed2-b548-46e5-a5e9-858fab4ce4e5}*SharedItemsImports = 13
		Smart.Reactive\Smart.Reactive.projitems*{93f7b6d5-16d0-4396-a57b-6498387e0dc3}*SharedItemsImports = 4
	EndGlobalSection
	GlobalSection(SolutionConfigurationPlatforms) = preSolution
		Debug|Any CPU = Debug|Any CPU
		Release|Any CPU = Release|Any CPU
	EndGlobalSection
	GlobalSection(ProjectConfigurationPlatforms) = postSolution
		{03F3025B-925A-4F27-92C2-972549D52B60}.Debug|Any CPU.ActiveCfg = Debug|Any CPU
		{03F3025B-925A-4F27-92C2-972549D52B60}.Debug|Any CPU.Build.0 = Debug|Any CPU
		{03F3025B-925A-4F27-92C2-972549D52B60}.Release|Any CPU.ActiveCfg = Release|Any CPU
		{03F3025B-925A-4F27-92C2-972549D52B60}.Release|Any CPU.Build.0 = Release|Any CPU
		{93F7B6D5-16D0-4396-A57B-6498387E0DC3}.Debug|Any CPU.ActiveCfg = Debug|Any CPU
		{93F7B6D5-16D0-4396-A57B-6498387E0DC3}.Debug|Any CPU.Build.0 = Debug|Any CPU
		{93F7B6D5-16D0-4396-A57B-6498387E0DC3}.Release|Any CPU.ActiveCfg = Release|Any CPU
		{93F7B6D5-16D0-4396-A57B-6498387E0DC3}.Release|Any CPU.Build.0 = Release|Any CPU
	EndGlobalSection
	GlobalSection(SolutionProperties) = preSolution
		HideSolutionNode = FALSE
	EndGlobalSection
EndGlobal
